<Solution>
  <Folder Name="/Solution Items/">
    <File Path=".editorconfig" />
    <File Path="LICENSE.txt" />
    <File Path="README.md" />
  </Folder>
  <Project Path="MotzArt.FluentAssertions.Tests/MotzArt.FluentAssertions.Tests.csproj" />
  <Project Path="MotzArt.FluentAssertions/MotzArt.FluentAssertions.csproj" />
</Solution>
